
Microsoft Visual Studio Solution File, Format Version 12.00
# Visual Studio 15
VisualStudioVersion = 15.0.27130.2010
MinimumVisualStudioVersion = 10.0.40219.1
Project("{9A19103F-16F7-4668-BE54-9A1E7A4F7556}") = "MQTTClient1", "MQTTClient1\MQTTClient1.csproj", "{610C7B04-526F-46F9-838C-E9CA5089CAC1}"
EndProject
Project("{9A19103F-16F7-4668-BE54-9A1E7A4F7556}") = "MQTTServer", "MQTTServer\MQTTServer.csproj", "{79874E82-D991-4CB2-BBD7-65B7B0CF7118}"
EndProject
Project("{9A19103F-16F7-4668-BE54-9A1E7A4F7556}") = "WebSocketSharpClient", "WebSocketSharpClient\WebSocketSharpClient.csproj", "{896B8A53-86D3-478E-A8A8-331F53C07A6C}"
EndProject
Project("{9A19103F-16F7-4668-BE54-9A1E7A4F7556}") = "websocket-sharpcore", "websocket-sharpcore\websocket-sharpcore.csproj", "{37B47DC2-B178-40FA-914C-30D12B8EEFC6}"
EndProject
Project("{9A19103F-16F7-4668-BE54-9A1E7A4F7556}") = "WebSocketSharpServer", "WebSocketSharpServer\WebSocketSharpServer.csproj", "{E22DB52F-BCAA-4D59-87BB-93A68EF79825}"
EndProject
Project("{2150E333-8FDC-42A3-9474-1A3956D46DE8}") = "Mqttnet", "Mqttnet", "{3113ADEC-161C-485B-89B1-EF2654DD1F8E}"
EndProject
Project("{2150E333-8FDC-42A3-9474-1A3956D46DE8}") = "WebSocketSharp", "WebSocketSharp", "{1D662D2B-DC4E-4C65-A64C-C7765D69895A}"
EndProject
Project("{2150E333-8FDC-42A3-9474-1A3956D46DE8}") = "Base", "Base", "{CEA1117D-8D2D-4074-BBAE-25BC650CA64B}"
EndProject
Project("{FAE04EC0-301F-11D3-BF4B-00C04F79EFBC}") = "ChattingClient", "ChattingClient\ChattingClient.csproj", "{7BA15098-6411-4908-9B03-88E31017E9DD}"
EndProject
Project("{FAE04EC0-301F-11D3-BF4B-00C04F79EFBC}") = "ChattingServer", "ChattingServer\ChattingServer.csproj", "{A444F58F-712B-4412-8EEA-BC8E313B916B}"
EndProject
Project("{9A19103F-16F7-4668-BE54-9A1E7A4F7556}") = "SocketBase", "SocketBase\SocketBase.csproj", "{E94662B7-CCB8-4E00-AC5C-FE7563D3A1C6}"
EndProject
Project("{FAE04EC0-301F-11D3-BF4B-00C04F79EFBC}") = "Udp1", "Udp1\Udp1.csproj", "{F2246BAE-06E6-4600-9378-76E74B30622A}"
EndProject
Project("{FAE04EC0-301F-11D3-BF4B-00C04F79EFBC}") = "Udp2", "Udp2\Udp2.csproj", "{E586805E-BA62-4441-A382-8BD0A9146786}"
EndProject
Project("{2150E333-8FDC-42A3-9474-1A3956D46DE8}") = "MagicOnion", "MagicOnion", "{BF3009D3-61F9-4921-8B62-6A9CAD9E59E2}"
EndProject
Project("{FAE04EC0-301F-11D3-BF4B-00C04F79EFBC}") = "MagicOnionServer", "MagicOnionServer\MagicOnionServer.csproj", "{3E12C38C-B397-41D7-8CA2-03D7F1EC139A}"
EndProject
Project("{FAE04EC0-301F-11D3-BF4B-00C04F79EFBC}") = "MagicOnionClient1", "MagicOnionClient\MagicOnionClient1.csproj", "{DBB45949-F45F-4546-8261-DFCC1072C7E1}"
EndProject
Global
	GlobalSection(SolutionConfigurationPlatforms) = preSolution
		Debug|Any CPU = Debug|Any CPU
		Release|Any CPU = Release|Any CPU
	EndGlobalSection
	GlobalSection(ProjectConfigurationPlatforms) = postSolution
		{610C7B04-526F-46F9-838C-E9CA5089CAC1}.Debug|Any CPU.ActiveCfg = Debug|Any CPU
		{610C7B04-526F-46F9-838C-E9CA5089CAC1}.Debug|Any CPU.Build.0 = Debug|Any CPU
		{610C7B04-526F-46F9-838C-E9CA5089CAC1}.Release|Any CPU.ActiveCfg = Release|Any CPU
		{610C7B04-526F-46F9-838C-E9CA5089CAC1}.Release|Any CPU.Build.0 = Release|Any CPU
		{79874E82-D991-4CB2-BBD7-65B7B0CF7118}.Debug|Any CPU.ActiveCfg = Debug|Any CPU
		{79874E82-D991-4CB2-BBD7-65B7B0CF7118}.Debug|Any CPU.Build.0 = Debug|Any CPU
		{79874E82-D991-4CB2-BBD7-65B7B0CF7118}.Release|Any CPU.ActiveCfg = Release|Any CPU
		{79874E82-D991-4CB2-BBD7-65B7B0CF7118}.Release|Any CPU.Build.0 = Release|Any CPU
		{896B8A53-86D3-478E-A8A8-331F53C07A6C}.Debug|Any CPU.ActiveCfg = Debug|Any CPU
		{896B8A53-86D3-478E-A8A8-331F53C07A6C}.Debug|Any CPU.Build.0 = Debug|Any CPU
		{896B8A53-86D3-478E-A8A8-331F53C07A6C}.Release|Any CPU.ActiveCfg = Release|Any CPU
		{896B8A53-86D3-478E-A8A8-331F53C07A6C}.Release|Any CPU.Build.0 = Release|Any CPU
		{37B47DC2-B178-40FA-914C-30D12B8EEFC6}.Debug|Any CPU.ActiveCfg = Debug|Any CPU
		{37B47DC2-B178-40FA-914C-30D12B8EEFC6}.Debug|Any CPU.Build.0 = Debug|Any CPU
		{37B47DC2-B178-40FA-914C-30D12B8EEFC6}.Release|Any CPU.ActiveCfg = Release|Any CPU
		{37B47DC2-B178-40FA-914C-30D12B8EEFC6}.Release|Any CPU.Build.0 = Release|Any CPU
		{E22DB52F-BCAA-4D59-87BB-93A68EF79825}.Debug|Any CPU.ActiveCfg = Debug|Any CPU
		{E22DB52F-BCAA-4D59-87BB-93A68EF79825}.Debug|Any CPU.Build.0 = Debug|Any CPU
		{E22DB52F-BCAA-4D59-87BB-93A68EF79825}.Release|Any CPU.ActiveCfg = Release|Any CPU
		{E22DB52F-BCAA-4D59-87BB-93A68EF79825}.Release|Any CPU.Build.0 = Release|Any CPU
		{7BA15098-6411-4908-9B03-88E31017E9DD}.Debug|Any CPU.ActiveCfg = Debug|Any CPU
		{7BA15098-6411-4908-9B03-88E31017E9DD}.Debug|Any CPU.Build.0 = Debug|Any CPU
		{7BA15098-6411-4908-9B03-88E31017E9DD}.Release|Any CPU.ActiveCfg = Release|Any CPU
		{7BA15098-6411-4908-9B03-88E31017E9DD}.Release|Any CPU.Build.0 = Release|Any CPU
		{A444F58F-712B-4412-8EEA-BC8E313B916B}.Debug|Any CPU.ActiveCfg = Debug|Any CPU
		{A444F58F-712B-4412-8EEA-BC8E313B916B}.Debug|Any CPU.Build.0 = Debug|Any CPU
		{A444F58F-712B-4412-8EEA-BC8E313B916B}.Release|Any CPU.ActiveCfg = Release|Any CPU
		{A444F58F-712B-4412-8EEA-BC8E313B916B}.Release|Any CPU.Build.0 = Release|Any CPU
		{E94662B7-CCB8-4E00-AC5C-FE7563D3A1C6}.Debug|Any CPU.ActiveCfg = Debug|Any CPU
		{E94662B7-CCB8-4E00-AC5C-FE7563D3A1C6}.Debug|Any CPU.Build.0 = Debug|Any CPU
		{E94662B7-CCB8-4E00-AC5C-FE7563D3A1C6}.Release|Any CPU.ActiveCfg = Release|Any CPU
		{E94662B7-CCB8-4E00-AC5C-FE7563D3A1C6}.Release|Any CPU.Build.0 = Release|Any CPU
		{F2246BAE-06E6-4600-9378-76E74B30622A}.Debug|Any CPU.ActiveCfg = Debug|Any CPU
		{F2246BAE-06E6-4600-9378-76E74B30622A}.Debug|Any CPU.Build.0 = Debug|Any CPU
		{F2246BAE-06E6-4600-9378-76E74B30622A}.Release|Any CPU.ActiveCfg = Release|Any CPU
		{F2246BAE-06E6-4600-9378-76E74B30622A}.Release|Any CPU.Build.0 = Release|Any CPU
		{E586805E-BA62-4441-A382-8BD0A9146786}.Debug|Any CPU.ActiveCfg = Debug|Any CPU
		{E586805E-BA62-4441-A382-8BD0A9146786}.Debug|Any CPU.Build.0 = Debug|Any CPU
		{E586805E-BA62-4441-A382-8BD0A9146786}.Release|Any CPU.ActiveCfg = Release|Any CPU
		{E586805E-BA62-4441-A382-8BD0A9146786}.Release|Any CPU.Build.0 = Release|Any CPU
		{3E12C38C-B397-41D7-8CA2-03D7F1EC139A}.Debug|Any CPU.ActiveCfg = Debug|Any CPU
		{3E12C38C-B397-41D7-8CA2-03D7F1EC139A}.Debug|Any CPU.Build.0 = Debug|Any CPU
		{3E12C38C-B397-41D7-8CA2-03D7F1EC139A}.Release|Any CPU.ActiveCfg = Release|Any CPU
		{3E12C38C-B397-41D7-8CA2-03D7F1EC139A}.Release|Any CPU.Build.0 = Release|Any CPU
		{DBB45949-F45F-4546-8261-DFCC1072C7E1}.Debug|Any CPU.ActiveCfg = Debug|Any CPU
		{DBB45949-F45F-4546-8261-DFCC1072C7E1}.Debug|Any CPU.Build.0 = Debug|Any CPU
		{DBB45949-F45F-4546-8261-DFCC1072C7E1}.Release|Any CPU.ActiveCfg = Release|Any CPU
		{DBB45949-F45F-4546-8261-DFCC1072C7E1}.Release|Any CPU.Build.0 = Release|Any CPU
	EndGlobalSection
	GlobalSection(SolutionProperties) = preSolution
		HideSolutionNode = FALSE
	EndGlobalSection
	GlobalSection(NestedProjects) = preSolution
		{610C7B04-526F-46F9-838C-E9CA5089CAC1} = {3113ADEC-161C-485B-89B1-EF2654DD1F8E}
		{79874E82-D991-4CB2-BBD7-65B7B0CF7118} = {3113ADEC-161C-485B-89B1-EF2654DD1F8E}
		{896B8A53-86D3-478E-A8A8-331F53C07A6C} = {1D662D2B-DC4E-4C65-A64C-C7765D69895A}
		{37B47DC2-B178-40FA-914C-30D12B8EEFC6} = {1D662D2B-DC4E-4C65-A64C-C7765D69895A}
		{E22DB52F-BCAA-4D59-87BB-93A68EF79825} = {1D662D2B-DC4E-4C65-A64C-C7765D69895A}
		{7BA15098-6411-4908-9B03-88E31017E9DD} = {CEA1117D-8D2D-4074-BBAE-25BC650CA64B}
		{A444F58F-712B-4412-8EEA-BC8E313B916B} = {CEA1117D-8D2D-4074-BBAE-25BC650CA64B}
		{E94662B7-CCB8-4E00-AC5C-FE7563D3A1C6} = {CEA1117D-8D2D-4074-BBAE-25BC650CA64B}
		{F2246BAE-06E6-4600-9378-76E74B30622A} = {CEA1117D-8D2D-4074-BBAE-25BC650CA64B}
		{E586805E-BA62-4441-A382-8BD0A9146786} = {CEA1117D-8D2D-4074-BBAE-25BC650CA64B}
		{3E12C38C-B397-41D7-8CA2-03D7F1EC139A} = {BF3009D3-61F9-4921-8B62-6A9CAD9E59E2}
		{DBB45949-F45F-4546-8261-DFCC1072C7E1} = {BF3009D3-61F9-4921-8B62-6A9CAD9E59E2}
	EndGlobalSection
	GlobalSection(ExtensibilityGlobals) = postSolution
		SolutionGuid = {8E608123-82AC-4233-B798-0369308838FF}
	EndGlobalSection
EndGlobal
