
Microsoft Visual Studio Solution File, Format Version 12.00
# Visual Studio 15
VisualStudioVersion = 15.0.27130.2010
MinimumVisualStudioVersion = 10.0.40219.1
Project("{2150E333-8FDC-42A3-9474-1A3956D46DE8}") = "01_Redis", "01_Redis", "{C7ADED52-9418-40CD-915A-EB72EF9BEB0E}"
EndProject
Project("{2150E333-8FDC-42A3-9474-1A3956D46DE8}") = "02_Dotnetty", "02_Dotnetty", "{C3D7FBDC-831A-43AD-AB75-8991BB576226}"
EndProject
Project("{2150E333-8FDC-42A3-9474-1A3956D46DE8}") = "03_DesignPattern", "03_DesignPattern", "{B25CE52F-E8D1-4B84-B025-E06FB37339A6}"
EndProject
Project("{2150E333-8FDC-42A3-9474-1A3956D46DE8}") = "04_Wcf", "04_Wcf", "{64E4C7F4-E97B-4FF3-8D09-CA63E9F719AE}"
EndProject
Project("{2150E333-8FDC-42A3-9474-1A3956D46DE8}") = "05_AspNetCore", "05_AspNetCore", "{C6336687-C6B3-4CEB-B67E-7E7DBDE17DEF}"
EndProject
Project("{9A19103F-16F7-4668-BE54-9A1E7A4F7556}") = "Observer", "Observer\Observer.csproj", "{84799E6B-045D-41DC-99E4-EB31708C8F88}"
EndProject
Project("{2150E333-8FDC-42A3-9474-1A3956D46DE8}") = "06_Identity4Test", "06_Identity4Test", "{79180E0A-7FD1-486C-9F83-ED39E48D5433}"
EndProject
Project("{2150E333-8FDC-42A3-9474-1A3956D46DE8}") = "Credentials", "Credentials", "{D2CD5DBF-148F-499C-A409-0B03D79594FA}"
EndProject
Project("{9A19103F-16F7-4668-BE54-9A1E7A4F7556}") = "Credentials.Client", "Credentials.Client\Credentials.Client.csproj", "{18512ACE-22C3-4C1E-85C3-0CA1D9FC8CF4}"
EndProject
Project("{9A19103F-16F7-4668-BE54-9A1E7A4F7556}") = "Credentials.Api", "Credentials.Api\Credentials.Api.csproj", "{593132F9-B1FF-4DEB-A8CB-51BC580D59E5}"
EndProject
Project("{9A19103F-16F7-4668-BE54-9A1E7A4F7556}") = "Credentials.IdentityServer", "Credentials.IdentityServer\Credentials.IdentityServer.csproj", "{95DD6425-791A-4AC3-9AA6-C21B7B858645}"
EndProject
Project("{2150E333-8FDC-42A3-9474-1A3956D46DE8}") = "ResourceOwnerPasswords", "ResourceOwnerPasswords", "{54CB62D7-72EC-4823-8A20-F2DB1A726194}"
EndProject
Project("{9A19103F-16F7-4668-BE54-9A1E7A4F7556}") = "ResourceOwnerPasswords.APi", "ResourceOwnerPasswords.APi\ResourceOwnerPasswords.APi.csproj", "{F4992361-1644-419D-BF06-8F664F69AD5A}"
EndProject
Project("{9A19103F-16F7-4668-BE54-9A1E7A4F7556}") = "ResourceOwnerPasswords.IdentityServer", "ResourceOwnerPasswords.IdentityServer\ResourceOwnerPasswords.IdentityServer.csproj", "{0F4C8138-02B8-4C6F-9916-831B82A6156E}"
EndProject
Project("{9A19103F-16F7-4668-BE54-9A1E7A4F7556}") = "ResourceOwnerPasswords.Client", "ResourceOwnerPasswords.Client\ResourceOwnerPasswords.Client.csproj", "{68BD60A3-4105-487B-B70C-76F6BE8FD837}"
EndProject
Project("{2150E333-8FDC-42A3-9474-1A3956D46DE8}") = "07_Basics", "07_Basics", "{DA0CED65-5D31-4839-BFCB-C81CBAAAFCF2}"
EndProject
Project("{9A19103F-16F7-4668-BE54-9A1E7A4F7556}") = "DataStructure", "DataStructure\DataStructure.csproj", "{C0CA9724-BE99-422C-822F-FDF37E1EFE92}"
EndProject
Project("{9A19103F-16F7-4668-BE54-9A1E7A4F7556}") = "Command", "Command\Command.csproj", "{835E0E66-8A24-4E14-B6F7-71620E66E9DF}"
EndProject
Project("{2150E333-8FDC-42A3-9474-1A3956D46DE8}") = "08_NetworkProtocol", "08_NetworkProtocol", "{1D16A371-672A-4E0C-9896-43413292017D}"
EndProject
Project("{2150E333-8FDC-42A3-9474-1A3956D46DE8}") = "Mqttnet", "Mqttnet", "{2148B579-0A4D-44CF-A74E-4DA8F89A6AA4}"
EndProject
Project("{9A19103F-16F7-4668-BE54-9A1E7A4F7556}") = "MQTTClient1", "MQTTClient1\MQTTClient1.csproj", "{602DC3CD-0DDF-4CFD-9C0B-581841398926}"
EndProject
Project("{9A19103F-16F7-4668-BE54-9A1E7A4F7556}") = "MQTTServer", "MQTTServer\MQTTServer.csproj", "{D2E65D5F-B642-4E7E-B7A0-5D63DDD8E96F}"
EndProject
Project("{9A19103F-16F7-4668-BE54-9A1E7A4F7556}") = "Singleton", "Singleton\Singleton.csproj", "{92AA8266-89A8-4E3C-A43F-550B38ED8709}"
EndProject
Project("{2150E333-8FDC-42A3-9474-1A3956D46DE8}") = "Websocket-sharpcore", "Websocket-sharpcore", "{39801E0D-73C2-4FB4-B263-C41AEF629CAC}"
EndProject
Project("{9A19103F-16F7-4668-BE54-9A1E7A4F7556}") = "websocket-sharpcore", "websocket-sharpcore\websocket-sharpcore.csproj", "{49D428FE-E4A2-4435-A2D6-4CF11668DAFE}"
EndProject
Global
	GlobalSection(SolutionConfigurationPlatforms) = preSolution
		Debug|Any CPU = Debug|Any CPU
		Release|Any CPU = Release|Any CPU
	EndGlobalSection
	GlobalSection(ProjectConfigurationPlatforms) = postSolution
		{84799E6B-045D-41DC-99E4-EB31708C8F88}.Debug|Any CPU.ActiveCfg = Debug|Any CPU
		{84799E6B-045D-41DC-99E4-EB31708C8F88}.Debug|Any CPU.Build.0 = Debug|Any CPU
		{84799E6B-045D-41DC-99E4-EB31708C8F88}.Release|Any CPU.ActiveCfg = Release|Any CPU
		{84799E6B-045D-41DC-99E4-EB31708C8F88}.Release|Any CPU.Build.0 = Release|Any CPU
		{18512ACE-22C3-4C1E-85C3-0CA1D9FC8CF4}.Debug|Any CPU.ActiveCfg = Debug|Any CPU
		{18512ACE-22C3-4C1E-85C3-0CA1D9FC8CF4}.Debug|Any CPU.Build.0 = Debug|Any CPU
		{18512ACE-22C3-4C1E-85C3-0CA1D9FC8CF4}.Release|Any CPU.ActiveCfg = Release|Any CPU
		{18512ACE-22C3-4C1E-85C3-0CA1D9FC8CF4}.Release|Any CPU.Build.0 = Release|Any CPU
		{593132F9-B1FF-4DEB-A8CB-51BC580D59E5}.Debug|Any CPU.ActiveCfg = Debug|Any CPU
		{593132F9-B1FF-4DEB-A8CB-51BC580D59E5}.Debug|Any CPU.Build.0 = Debug|Any CPU
		{593132F9-B1FF-4DEB-A8CB-51BC580D59E5}.Release|Any CPU.ActiveCfg = Release|Any CPU
		{593132F9-B1FF-4DEB-A8CB-51BC580D59E5}.Release|Any CPU.Build.0 = Release|Any CPU
		{95DD6425-791A-4AC3-9AA6-C21B7B858645}.Debug|Any CPU.ActiveCfg = Debug|Any CPU
		{95DD6425-791A-4AC3-9AA6-C21B7B858645}.Debug|Any CPU.Build.0 = Debug|Any CPU
		{95DD6425-791A-4AC3-9AA6-C21B7B858645}.Release|Any CPU.ActiveCfg = Release|Any CPU
		{95DD6425-791A-4AC3-9AA6-C21B7B858645}.Release|Any CPU.Build.0 = Release|Any CPU
		{F4992361-1644-419D-BF06-8F664F69AD5A}.Debug|Any CPU.ActiveCfg = Debug|Any CPU
		{F4992361-1644-419D-BF06-8F664F69AD5A}.Debug|Any CPU.Build.0 = Debug|Any CPU
		{F4992361-1644-419D-BF06-8F664F69AD5A}.Release|Any CPU.ActiveCfg = Release|Any CPU
		{F4992361-1644-419D-BF06-8F664F69AD5A}.Release|Any CPU.Build.0 = Release|Any CPU
		{0F4C8138-02B8-4C6F-9916-831B82A6156E}.Debug|Any CPU.ActiveCfg = Debug|Any CPU
		{0F4C8138-02B8-4C6F-9916-831B82A6156E}.Debug|Any CPU.Build.0 = Debug|Any CPU
		{0F4C8138-02B8-4C6F-9916-831B82A6156E}.Release|Any CPU.ActiveCfg = Release|Any CPU
		{0F4C8138-02B8-4C6F-9916-831B82A6156E}.Release|Any CPU.Build.0 = Release|Any CPU
		{68BD60A3-4105-487B-B70C-76F6BE8FD837}.Debug|Any CPU.ActiveCfg = Debug|Any CPU
		{68BD60A3-4105-487B-B70C-76F6BE8FD837}.Debug|Any CPU.Build.0 = Debug|Any CPU
		{68BD60A3-4105-487B-B70C-76F6BE8FD837}.Release|Any CPU.ActiveCfg = Release|Any CPU
		{68BD60A3-4105-487B-B70C-76F6BE8FD837}.Release|Any CPU.Build.0 = Release|Any CPU
		{C0CA9724-BE99-422C-822F-FDF37E1EFE92}.Debug|Any CPU.ActiveCfg = Debug|Any CPU
		{C0CA9724-BE99-422C-822F-FDF37E1EFE92}.Debug|Any CPU.Build.0 = Debug|Any CPU
		{C0CA9724-BE99-422C-822F-FDF37E1EFE92}.Release|Any CPU.ActiveCfg = Release|Any CPU
		{C0CA9724-BE99-422C-822F-FDF37E1EFE92}.Release|Any CPU.Build.0 = Release|Any CPU
		{835E0E66-8A24-4E14-B6F7-71620E66E9DF}.Debug|Any CPU.ActiveCfg = Debug|Any CPU
		{835E0E66-8A24-4E14-B6F7-71620E66E9DF}.Debug|Any CPU.Build.0 = Debug|Any CPU
		{835E0E66-8A24-4E14-B6F7-71620E66E9DF}.Release|Any CPU.ActiveCfg = Release|Any CPU
		{835E0E66-8A24-4E14-B6F7-71620E66E9DF}.Release|Any CPU.Build.0 = Release|Any CPU
		{602DC3CD-0DDF-4CFD-9C0B-581841398926}.Debug|Any CPU.ActiveCfg = Debug|Any CPU
		{602DC3CD-0DDF-4CFD-9C0B-581841398926}.Debug|Any CPU.Build.0 = Debug|Any CPU
		{602DC3CD-0DDF-4CFD-9C0B-581841398926}.Release|Any CPU.ActiveCfg = Release|Any CPU
		{602DC3CD-0DDF-4CFD-9C0B-581841398926}.Release|Any CPU.Build.0 = Release|Any CPU
		{D2E65D5F-B642-4E7E-B7A0-5D63DDD8E96F}.Debug|Any CPU.ActiveCfg = Debug|Any CPU
		{D2E65D5F-B642-4E7E-B7A0-5D63DDD8E96F}.Debug|Any CPU.Build.0 = Debug|Any CPU
		{D2E65D5F-B642-4E7E-B7A0-5D63DDD8E96F}.Release|Any CPU.ActiveCfg = Release|Any CPU
		{D2E65D5F-B642-4E7E-B7A0-5D63DDD8E96F}.Release|Any CPU.Build.0 = Release|Any CPU
		{92AA8266-89A8-4E3C-A43F-550B38ED8709}.Debug|Any CPU.ActiveCfg = Debug|Any CPU
		{92AA8266-89A8-4E3C-A43F-550B38ED8709}.Debug|Any CPU.Build.0 = Debug|Any CPU
		{92AA8266-89A8-4E3C-A43F-550B38ED8709}.Release|Any CPU.ActiveCfg = Release|Any CPU
		{92AA8266-89A8-4E3C-A43F-550B38ED8709}.Release|Any CPU.Build.0 = Release|Any CPU
		{49D428FE-E4A2-4435-A2D6-4CF11668DAFE}.Debug|Any CPU.ActiveCfg = Debug|Any CPU
		{49D428FE-E4A2-4435-A2D6-4CF11668DAFE}.Debug|Any CPU.Build.0 = Debug|Any CPU
		{49D428FE-E4A2-4435-A2D6-4CF11668DAFE}.Release|Any CPU.ActiveCfg = Release|Any CPU
		{49D428FE-E4A2-4435-A2D6-4CF11668DAFE}.Release|Any CPU.Build.0 = Release|Any CPU
	EndGlobalSection
	GlobalSection(SolutionProperties) = preSolution
		HideSolutionNode = FALSE
	EndGlobalSection
	GlobalSection(NestedProjects) = preSolution
		{84799E6B-045D-41DC-99E4-EB31708C8F88} = {B25CE52F-E8D1-4B84-B025-E06FB37339A6}
		{D2CD5DBF-148F-499C-A409-0B03D79594FA} = {79180E0A-7FD1-486C-9F83-ED39E48D5433}
		{18512ACE-22C3-4C1E-85C3-0CA1D9FC8CF4} = {D2CD5DBF-148F-499C-A409-0B03D79594FA}
		{593132F9-B1FF-4DEB-A8CB-51BC580D59E5} = {D2CD5DBF-148F-499C-A409-0B03D79594FA}
		{95DD6425-791A-4AC3-9AA6-C21B7B858645} = {D2CD5DBF-148F-499C-A409-0B03D79594FA}
		{54CB62D7-72EC-4823-8A20-F2DB1A726194} = {79180E0A-7FD1-486C-9F83-ED39E48D5433}
		{F4992361-1644-419D-BF06-8F664F69AD5A} = {54CB62D7-72EC-4823-8A20-F2DB1A726194}
		{0F4C8138-02B8-4C6F-9916-831B82A6156E} = {54CB62D7-72EC-4823-8A20-F2DB1A726194}
		{68BD60A3-4105-487B-B70C-76F6BE8FD837} = {54CB62D7-72EC-4823-8A20-F2DB1A726194}
		{C0CA9724-BE99-422C-822F-FDF37E1EFE92} = {DA0CED65-5D31-4839-BFCB-C81CBAAAFCF2}
		{835E0E66-8A24-4E14-B6F7-71620E66E9DF} = {B25CE52F-E8D1-4B84-B025-E06FB37339A6}
		{2148B579-0A4D-44CF-A74E-4DA8F89A6AA4} = {1D16A371-672A-4E0C-9896-43413292017D}
		{602DC3CD-0DDF-4CFD-9C0B-581841398926} = {2148B579-0A4D-44CF-A74E-4DA8F89A6AA4}
		{D2E65D5F-B642-4E7E-B7A0-5D63DDD8E96F} = {2148B579-0A4D-44CF-A74E-4DA8F89A6AA4}
		{92AA8266-89A8-4E3C-A43F-550B38ED8709} = {B25CE52F-E8D1-4B84-B025-E06FB37339A6}
		{39801E0D-73C2-4FB4-B263-C41AEF629CAC} = {1D16A371-672A-4E0C-9896-43413292017D}
		{49D428FE-E4A2-4435-A2D6-4CF11668DAFE} = {39801E0D-73C2-4FB4-B263-C41AEF629CAC}
	EndGlobalSection
	GlobalSection(ExtensibilityGlobals) = postSolution
		SolutionGuid = {4B596CF8-D25B-4CEF-82E4-82AB1EA38E47}
	EndGlobalSection
EndGlobal
