
Microsoft Visual Studio Solution File, Format Version 12.00
# Visual Studio Version 16
VisualStudioVersion = 16.0.29418.71
MinimumVisualStudioVersion = 10.0.40219.1
Project("{FAE04EC0-301F-11D3-BF4B-00C04F79EFBC}") = "Http.Server", "Http.Server\Http.Server.csproj", "{024A960E-DA2E-4ACB-B4F5-710137107CEC}"
EndProject
Global
	GlobalSection(SolutionConfigurationPlatforms) = preSolution
		Debug|Any CPU = Debug|Any CPU
		Release|Any CPU = Release|Any CPU
	EndGlobalSection
	GlobalSection(ProjectConfigurationPlatforms) = postSolution
		{024A960E-DA2E-4ACB-B4F5-710137107CEC}.Debug|Any CPU.ActiveCfg = Debug|Any CPU
		{024A960E-DA2E-4ACB-B4F5-710137107CEC}.Debug|Any CPU.Build.0 = Debug|Any CPU
		{024A960E-DA2E-4ACB-B4F5-710137107CEC}.Release|Any CPU.ActiveCfg = Release|Any CPU
		{024A960E-DA2E-4ACB-B4F5-710137107CEC}.Release|Any CPU.Build.0 = Release|Any CPU
	EndGlobalSection
	GlobalSection(SolutionProperties) = preSolution
		HideSolutionNode = FALSE
	EndGlobalSection
	GlobalSection(ExtensibilityGlobals) = postSolution
		SolutionGuid = {11F076F1-2FBD-4FF4-845F-93EC14EED3B4}
	EndGlobalSection
EndGlobal
