
Microsoft Visual Studio Solution File, Format Version 12.00
# Visual Studio 15
VisualStudioVersion = 15.0.27130.2010
MinimumVisualStudioVersion = 10.0.40219.1
Project("{2150E333-8FDC-42A3-9474-1A3956D46DE8}") = "01_Redis", "01_Redis", "{0EAB91E2-C5EB-4F4A-9585-D6A264348DBF}"
EndProject
Project("{2150E333-8FDC-42A3-9474-1A3956D46DE8}") = "02_Dotnetty", "02_Dotnetty", "{31274F00-D027-494B-8479-360361652F4C}"
EndProject
Project("{2150E333-8FDC-42A3-9474-1A3956D46DE8}") = "03_DesignPattern", "03_DesignPattern", "{E87A89EC-55A4-4060-830E-5C0ECFB08BE4}"
EndProject
Project("{2150E333-8FDC-42A3-9474-1A3956D46DE8}") = "04_Wcf", "04_Wcf", "{56C14FB8-44FA-4442-8779-68BA83AE7265}"
EndProject
Project("{2150E333-8FDC-42A3-9474-1A3956D46DE8}") = "05_AspNetCore", "05_AspNetCore", "{664EDABA-A511-4B42-B94F-AC007BD3D60B}"
EndProject
Project("{2150E333-8FDC-42A3-9474-1A3956D46DE8}") = "06_Identity4Test", "06_Identity4Test", "{B6C9B8F0-CB4D-45CA-89EF-86FD27714700}"
EndProject
Project("{2150E333-8FDC-42A3-9474-1A3956D46DE8}") = "07_Basics", "07_Basics", "{E206C48B-2983-4DDF-8B59-B41ACD312C39}"
EndProject
Project("{2150E333-8FDC-42A3-9474-1A3956D46DE8}") = "08_NetworkProtocol", "08_NetworkProtocol", "{9A4A6E4A-30F4-4CDE-BB67-0DF7F4CA6097}"
EndProject
Project("{9A19103F-16F7-4668-BE54-9A1E7A4F7556}") = "Adapter", "03_DesignPattern\Adapter\Adapter.csproj", "{53D69D88-D2A3-4AA9-BA76-B33769A5D4BD}"
EndProject
Project("{9A19103F-16F7-4668-BE54-9A1E7A4F7556}") = "Builder", "03_DesignPattern\Builder\Builder.csproj", "{029C5E9B-7F39-43A5-993F-B08CAC37D0F6}"
EndProject
Project("{9A19103F-16F7-4668-BE54-9A1E7A4F7556}") = "Command", "03_DesignPattern\Command\Command.csproj", "{B2562A7F-95C4-4D15-B89A-FC90181E5009}"
EndProject
Project("{9A19103F-16F7-4668-BE54-9A1E7A4F7556}") = "Factory", "03_DesignPattern\Factory\Factory.csproj", "{171C00DB-D209-4927-96F2-4D4E663A2E12}"
EndProject
Project("{9A19103F-16F7-4668-BE54-9A1E7A4F7556}") = "Observer", "03_DesignPattern\Observer\Observer.csproj", "{0B3BD3A0-B1A6-4B58-9B4E-12B589B89139}"
EndProject
Project("{9A19103F-16F7-4668-BE54-9A1E7A4F7556}") = "Prototype", "03_DesignPattern\Prototype\Prototype.csproj", "{97F2A058-38CE-4A79-B6E2-6BA60F50E365}"
EndProject
Project("{9A19103F-16F7-4668-BE54-9A1E7A4F7556}") = "Proxy", "03_DesignPattern\Proxy\Proxy.csproj", "{71B1E573-48A5-4546-8764-772156FE7E2A}"
EndProject
Project("{9A19103F-16F7-4668-BE54-9A1E7A4F7556}") = "Singleton", "03_DesignPattern\Singleton\Singleton.csproj", "{30933511-112B-4046-81C2-5F799AEFC0B7}"
EndProject
Project("{2150E333-8FDC-42A3-9474-1A3956D46DE8}") = "Credentials", "Credentials", "{81085186-074F-42B6-99C4-1A025390744A}"
EndProject
Project("{2150E333-8FDC-42A3-9474-1A3956D46DE8}") = "ResourceOwnerPasswords", "ResourceOwnerPasswords", "{66377F9B-7898-43F2-858F-FE03EEA1362B}"
EndProject
Project("{9A19103F-16F7-4668-BE54-9A1E7A4F7556}") = "Credentials.Api", "06_Identity4Test\Credentials.Api\Credentials.Api.csproj", "{BB64F30D-D42C-48BC-8ADB-E5CDEE5C2E5B}"
EndProject
Project("{9A19103F-16F7-4668-BE54-9A1E7A4F7556}") = "Credentials.Client", "06_Identity4Test\Credentials.Client\Credentials.Client.csproj", "{12E5FE70-396C-4726-8AAB-B78C45EDC70D}"
EndProject
Project("{9A19103F-16F7-4668-BE54-9A1E7A4F7556}") = "Credentials.IdentityServer", "06_Identity4Test\Credentials.IdentityServer\Credentials.IdentityServer.csproj", "{C0B90E30-4B58-4197-921B-A4C99EAB9F16}"
EndProject
Project("{9A19103F-16F7-4668-BE54-9A1E7A4F7556}") = "ResourceOwnerPasswords.APi", "06_Identity4Test\ResourceOwnerPasswords.APi\ResourceOwnerPasswords.APi.csproj", "{D11F6A5E-35F2-4FC1-9A3F-1FC56062923A}"
EndProject
Project("{9A19103F-16F7-4668-BE54-9A1E7A4F7556}") = "ResourceOwnerPasswords.Client", "06_Identity4Test\ResourceOwnerPasswords.Client\ResourceOwnerPasswords.Client.csproj", "{634B4368-E0D9-4618-93CA-355B0D1D709D}"
EndProject
Project("{9A19103F-16F7-4668-BE54-9A1E7A4F7556}") = "ResourceOwnerPasswords.IdentityServer", "06_Identity4Test\ResourceOwnerPasswords.IdentityServer\ResourceOwnerPasswords.IdentityServer.csproj", "{37B922F8-7727-4685-88E3-891CCBFA2B04}"
EndProject
Project("{9A19103F-16F7-4668-BE54-9A1E7A4F7556}") = "DataStructure", "07_Basics\DataStructure\DataStructure.csproj", "{54C14830-EB6E-40F9-B222-A03763E7A056}"
EndProject
Project("{9A19103F-16F7-4668-BE54-9A1E7A4F7556}") = "MQTTClient1", "08_NetworkProtocol\MQTTClient1\MQTTClient1.csproj", "{1543764E-E232-458A-82D4-72241A4D3221}"
EndProject
Project("{9A19103F-16F7-4668-BE54-9A1E7A4F7556}") = "MQTTServer", "08_NetworkProtocol\MQTTServer\MQTTServer.csproj", "{36D5FA25-772A-4004-92BA-813F8754ED25}"
EndProject
Project("{9A19103F-16F7-4668-BE54-9A1E7A4F7556}") = "WebSocketSharpClient", "08_NetworkProtocol\WebSocketSharpClient\WebSocketSharpClient.csproj", "{35A09325-48AC-47D5-AC0A-4611306EF112}"
EndProject
Project("{9A19103F-16F7-4668-BE54-9A1E7A4F7556}") = "websocket-sharpcore", "08_NetworkProtocol\websocket-sharpcore\websocket-sharpcore.csproj", "{B546A971-2C37-4074-85A9-2BDCFB2B0748}"
EndProject
Project("{9A19103F-16F7-4668-BE54-9A1E7A4F7556}") = "WebSocketSharpServer", "08_NetworkProtocol\WebSocketSharpServer\WebSocketSharpServer.csproj", "{EB1FCFBF-42FE-428A-BD7A-6228A617488F}"
EndProject
Global
	GlobalSection(SolutionConfigurationPlatforms) = preSolution
		Debug|Any CPU = Debug|Any CPU
		Release|Any CPU = Release|Any CPU
	EndGlobalSection
	GlobalSection(ProjectConfigurationPlatforms) = postSolution
		{53D69D88-D2A3-4AA9-BA76-B33769A5D4BD}.Debug|Any CPU.ActiveCfg = Debug|Any CPU
		{53D69D88-D2A3-4AA9-BA76-B33769A5D4BD}.Debug|Any CPU.Build.0 = Debug|Any CPU
		{53D69D88-D2A3-4AA9-BA76-B33769A5D4BD}.Release|Any CPU.ActiveCfg = Release|Any CPU
		{53D69D88-D2A3-4AA9-BA76-B33769A5D4BD}.Release|Any CPU.Build.0 = Release|Any CPU
		{029C5E9B-7F39-43A5-993F-B08CAC37D0F6}.Debug|Any CPU.ActiveCfg = Debug|Any CPU
		{029C5E9B-7F39-43A5-993F-B08CAC37D0F6}.Debug|Any CPU.Build.0 = Debug|Any CPU
		{029C5E9B-7F39-43A5-993F-B08CAC37D0F6}.Release|Any CPU.ActiveCfg = Release|Any CPU
		{029C5E9B-7F39-43A5-993F-B08CAC37D0F6}.Release|Any CPU.Build.0 = Release|Any CPU
		{B2562A7F-95C4-4D15-B89A-FC90181E5009}.Debug|Any CPU.ActiveCfg = Debug|Any CPU
		{B2562A7F-95C4-4D15-B89A-FC90181E5009}.Debug|Any CPU.Build.0 = Debug|Any CPU
		{B2562A7F-95C4-4D15-B89A-FC90181E5009}.Release|Any CPU.ActiveCfg = Release|Any CPU
		{B2562A7F-95C4-4D15-B89A-FC90181E5009}.Release|Any CPU.Build.0 = Release|Any CPU
		{171C00DB-D209-4927-96F2-4D4E663A2E12}.Debug|Any CPU.ActiveCfg = Debug|Any CPU
		{171C00DB-D209-4927-96F2-4D4E663A2E12}.Debug|Any CPU.Build.0 = Debug|Any CPU
		{171C00DB-D209-4927-96F2-4D4E663A2E12}.Release|Any CPU.ActiveCfg = Release|Any CPU
		{171C00DB-D209-4927-96F2-4D4E663A2E12}.Release|Any CPU.Build.0 = Release|Any CPU
		{0B3BD3A0-B1A6-4B58-9B4E-12B589B89139}.Debug|Any CPU.ActiveCfg = Debug|Any CPU
		{0B3BD3A0-B1A6-4B58-9B4E-12B589B89139}.Debug|Any CPU.Build.0 = Debug|Any CPU
		{0B3BD3A0-B1A6-4B58-9B4E-12B589B89139}.Release|Any CPU.ActiveCfg = Release|Any CPU
		{0B3BD3A0-B1A6-4B58-9B4E-12B589B89139}.Release|Any CPU.Build.0 = Release|Any CPU
		{97F2A058-38CE-4A79-B6E2-6BA60F50E365}.Debug|Any CPU.ActiveCfg = Debug|Any CPU
		{97F2A058-38CE-4A79-B6E2-6BA60F50E365}.Debug|Any CPU.Build.0 = Debug|Any CPU
		{97F2A058-38CE-4A79-B6E2-6BA60F50E365}.Release|Any CPU.ActiveCfg = Release|Any CPU
		{97F2A058-38CE-4A79-B6E2-6BA60F50E365}.Release|Any CPU.Build.0 = Release|Any CPU
		{71B1E573-48A5-4546-8764-772156FE7E2A}.Debug|Any CPU.ActiveCfg = Debug|Any CPU
		{71B1E573-48A5-4546-8764-772156FE7E2A}.Debug|Any CPU.Build.0 = Debug|Any CPU
		{71B1E573-48A5-4546-8764-772156FE7E2A}.Release|Any CPU.ActiveCfg = Release|Any CPU
		{71B1E573-48A5-4546-8764-772156FE7E2A}.Release|Any CPU.Build.0 = Release|Any CPU
		{30933511-112B-4046-81C2-5F799AEFC0B7}.Debug|Any CPU.ActiveCfg = Debug|Any CPU
		{30933511-112B-4046-81C2-5F799AEFC0B7}.Debug|Any CPU.Build.0 = Debug|Any CPU
		{30933511-112B-4046-81C2-5F799AEFC0B7}.Release|Any CPU.ActiveCfg = Release|Any CPU
		{30933511-112B-4046-81C2-5F799AEFC0B7}.Release|Any CPU.Build.0 = Release|Any CPU
		{BB64F30D-D42C-48BC-8ADB-E5CDEE5C2E5B}.Debug|Any CPU.ActiveCfg = Debug|Any CPU
		{BB64F30D-D42C-48BC-8ADB-E5CDEE5C2E5B}.Debug|Any CPU.Build.0 = Debug|Any CPU
		{BB64F30D-D42C-48BC-8ADB-E5CDEE5C2E5B}.Release|Any CPU.ActiveCfg = Release|Any CPU
		{BB64F30D-D42C-48BC-8ADB-E5CDEE5C2E5B}.Release|Any CPU.Build.0 = Release|Any CPU
		{12E5FE70-396C-4726-8AAB-B78C45EDC70D}.Debug|Any CPU.ActiveCfg = Debug|Any CPU
		{12E5FE70-396C-4726-8AAB-B78C45EDC70D}.Debug|Any CPU.Build.0 = Debug|Any CPU
		{12E5FE70-396C-4726-8AAB-B78C45EDC70D}.Release|Any CPU.ActiveCfg = Release|Any CPU
		{12E5FE70-396C-4726-8AAB-B78C45EDC70D}.Release|Any CPU.Build.0 = Release|Any CPU
		{C0B90E30-4B58-4197-921B-A4C99EAB9F16}.Debug|Any CPU.ActiveCfg = Debug|Any CPU
		{C0B90E30-4B58-4197-921B-A4C99EAB9F16}.Debug|Any CPU.Build.0 = Debug|Any CPU
		{C0B90E30-4B58-4197-921B-A4C99EAB9F16}.Release|Any CPU.ActiveCfg = Release|Any CPU
		{C0B90E30-4B58-4197-921B-A4C99EAB9F16}.Release|Any CPU.Build.0 = Release|Any CPU
		{D11F6A5E-35F2-4FC1-9A3F-1FC56062923A}.Debug|Any CPU.ActiveCfg = Debug|Any CPU
		{D11F6A5E-35F2-4FC1-9A3F-1FC56062923A}.Debug|Any CPU.Build.0 = Debug|Any CPU
		{D11F6A5E-35F2-4FC1-9A3F-1FC56062923A}.Release|Any CPU.ActiveCfg = Release|Any CPU
		{D11F6A5E-35F2-4FC1-9A3F-1FC56062923A}.Release|Any CPU.Build.0 = Release|Any CPU
		{634B4368-E0D9-4618-93CA-355B0D1D709D}.Debug|Any CPU.ActiveCfg = Debug|Any CPU
		{634B4368-E0D9-4618-93CA-355B0D1D709D}.Debug|Any CPU.Build.0 = Debug|Any CPU
		{634B4368-E0D9-4618-93CA-355B0D1D709D}.Release|Any CPU.ActiveCfg = Release|Any CPU
		{634B4368-E0D9-4618-93CA-355B0D1D709D}.Release|Any CPU.Build.0 = Release|Any CPU
		{37B922F8-7727-4685-88E3-891CCBFA2B04}.Debug|Any CPU.ActiveCfg = Debug|Any CPU
		{37B922F8-7727-4685-88E3-891CCBFA2B04}.Debug|Any CPU.Build.0 = Debug|Any CPU
		{37B922F8-7727-4685-88E3-891CCBFA2B04}.Release|Any CPU.ActiveCfg = Release|Any CPU
		{37B922F8-7727-4685-88E3-891CCBFA2B04}.Release|Any CPU.Build.0 = Release|Any CPU
		{54C14830-EB6E-40F9-B222-A03763E7A056}.Debug|Any CPU.ActiveCfg = Debug|Any CPU
		{54C14830-EB6E-40F9-B222-A03763E7A056}.Debug|Any CPU.Build.0 = Debug|Any CPU
		{54C14830-EB6E-40F9-B222-A03763E7A056}.Release|Any CPU.ActiveCfg = Release|Any CPU
		{54C14830-EB6E-40F9-B222-A03763E7A056}.Release|Any CPU.Build.0 = Release|Any CPU
		{1543764E-E232-458A-82D4-72241A4D3221}.Debug|Any CPU.ActiveCfg = Debug|Any CPU
		{1543764E-E232-458A-82D4-72241A4D3221}.Debug|Any CPU.Build.0 = Debug|Any CPU
		{1543764E-E232-458A-82D4-72241A4D3221}.Release|Any CPU.ActiveCfg = Release|Any CPU
		{1543764E-E232-458A-82D4-72241A4D3221}.Release|Any CPU.Build.0 = Release|Any CPU
		{36D5FA25-772A-4004-92BA-813F8754ED25}.Debug|Any CPU.ActiveCfg = Debug|Any CPU
		{36D5FA25-772A-4004-92BA-813F8754ED25}.Debug|Any CPU.Build.0 = Debug|Any CPU
		{36D5FA25-772A-4004-92BA-813F8754ED25}.Release|Any CPU.ActiveCfg = Release|Any CPU
		{36D5FA25-772A-4004-92BA-813F8754ED25}.Release|Any CPU.Build.0 = Release|Any CPU
		{35A09325-48AC-47D5-AC0A-4611306EF112}.Debug|Any CPU.ActiveCfg = Debug|Any CPU
		{35A09325-48AC-47D5-AC0A-4611306EF112}.Debug|Any CPU.Build.0 = Debug|Any CPU
		{35A09325-48AC-47D5-AC0A-4611306EF112}.Release|Any CPU.ActiveCfg = Release|Any CPU
		{35A09325-48AC-47D5-AC0A-4611306EF112}.Release|Any CPU.Build.0 = Release|Any CPU
		{B546A971-2C37-4074-85A9-2BDCFB2B0748}.Debug|Any CPU.ActiveCfg = Debug|Any CPU
		{B546A971-2C37-4074-85A9-2BDCFB2B0748}.Debug|Any CPU.Build.0 = Debug|Any CPU
		{B546A971-2C37-4074-85A9-2BDCFB2B0748}.Release|Any CPU.ActiveCfg = Release|Any CPU
		{B546A971-2C37-4074-85A9-2BDCFB2B0748}.Release|Any CPU.Build.0 = Release|Any CPU
		{EB1FCFBF-42FE-428A-BD7A-6228A617488F}.Debug|Any CPU.ActiveCfg = Debug|Any CPU
		{EB1FCFBF-42FE-428A-BD7A-6228A617488F}.Debug|Any CPU.Build.0 = Debug|Any CPU
		{EB1FCFBF-42FE-428A-BD7A-6228A617488F}.Release|Any CPU.ActiveCfg = Release|Any CPU
		{EB1FCFBF-42FE-428A-BD7A-6228A617488F}.Release|Any CPU.Build.0 = Release|Any CPU
	EndGlobalSection
	GlobalSection(SolutionProperties) = preSolution
		HideSolutionNode = FALSE
	EndGlobalSection
	GlobalSection(NestedProjects) = preSolution
		{53D69D88-D2A3-4AA9-BA76-B33769A5D4BD} = {E87A89EC-55A4-4060-830E-5C0ECFB08BE4}
		{029C5E9B-7F39-43A5-993F-B08CAC37D0F6} = {E87A89EC-55A4-4060-830E-5C0ECFB08BE4}
		{B2562A7F-95C4-4D15-B89A-FC90181E5009} = {E87A89EC-55A4-4060-830E-5C0ECFB08BE4}
		{171C00DB-D209-4927-96F2-4D4E663A2E12} = {E87A89EC-55A4-4060-830E-5C0ECFB08BE4}
		{0B3BD3A0-B1A6-4B58-9B4E-12B589B89139} = {E87A89EC-55A4-4060-830E-5C0ECFB08BE4}
		{97F2A058-38CE-4A79-B6E2-6BA60F50E365} = {E87A89EC-55A4-4060-830E-5C0ECFB08BE4}
		{71B1E573-48A5-4546-8764-772156FE7E2A} = {E87A89EC-55A4-4060-830E-5C0ECFB08BE4}
		{30933511-112B-4046-81C2-5F799AEFC0B7} = {E87A89EC-55A4-4060-830E-5C0ECFB08BE4}
		{81085186-074F-42B6-99C4-1A025390744A} = {B6C9B8F0-CB4D-45CA-89EF-86FD27714700}
		{66377F9B-7898-43F2-858F-FE03EEA1362B} = {B6C9B8F0-CB4D-45CA-89EF-86FD27714700}
		{BB64F30D-D42C-48BC-8ADB-E5CDEE5C2E5B} = {81085186-074F-42B6-99C4-1A025390744A}
		{12E5FE70-396C-4726-8AAB-B78C45EDC70D} = {81085186-074F-42B6-99C4-1A025390744A}
		{C0B90E30-4B58-4197-921B-A4C99EAB9F16} = {81085186-074F-42B6-99C4-1A025390744A}
		{D11F6A5E-35F2-4FC1-9A3F-1FC56062923A} = {66377F9B-7898-43F2-858F-FE03EEA1362B}
		{634B4368-E0D9-4618-93CA-355B0D1D709D} = {66377F9B-7898-43F2-858F-FE03EEA1362B}
		{37B922F8-7727-4685-88E3-891CCBFA2B04} = {66377F9B-7898-43F2-858F-FE03EEA1362B}
		{54C14830-EB6E-40F9-B222-A03763E7A056} = {E206C48B-2983-4DDF-8B59-B41ACD312C39}
		{1543764E-E232-458A-82D4-72241A4D3221} = {9A4A6E4A-30F4-4CDE-BB67-0DF7F4CA6097}
		{36D5FA25-772A-4004-92BA-813F8754ED25} = {9A4A6E4A-30F4-4CDE-BB67-0DF7F4CA6097}
		{35A09325-48AC-47D5-AC0A-4611306EF112} = {9A4A6E4A-30F4-4CDE-BB67-0DF7F4CA6097}
		{B546A971-2C37-4074-85A9-2BDCFB2B0748} = {9A4A6E4A-30F4-4CDE-BB67-0DF7F4CA6097}
		{EB1FCFBF-42FE-428A-BD7A-6228A617488F} = {9A4A6E4A-30F4-4CDE-BB67-0DF7F4CA6097}
	EndGlobalSection
	GlobalSection(ExtensibilityGlobals) = postSolution
		SolutionGuid = {8BA9286D-15D7-4C6C-897E-C7AFD2D86176}
	EndGlobalSection
EndGlobal
